
Microsoft Visual Studio Solution File, Format Version 12.00
# Visual Studio Version 17
VisualStudioVersion = 17.14.37411.7
MinimumVisualStudioVersion = 10.0.40219.1
Project("{2150E333-8FDC-42A3-9474-1A3956D46DE8}") = "src", "src", "{02EA681E-C7D8-13C7-8484-4AC65E1B71E8}"
EndProject
Project("{2150E333-8FDC-42A3-9474-1A3956D46DE8}") = "test", "test", "{86EE7067-01FE-4F3A-93BC-5AD9D2C1B675}"
EndProject
Project("{FAE04EC0-301F-11D3-BF4B-00C04F79EFBC}") = "DingFood.ArchTests", "test\DingFood.ArchTests\DingFood.ArchTests.csproj", "{937168DD-86A4-AA6B-167F-00D12CC6D2DC}"
EndProject
Project("{FAE04EC0-301F-11D3-BF4B-00C04F79EFBC}") = "DingFood.E2ETests", "test\DingFood.E2ETests\DingFood.E2ETests.csproj", "{C8F88BB6-3332-BF9D-F94B-356715762195}"
EndProject
Project("{FAE04EC0-301F-11D3-BF4B-00C04F79EFBC}") = "DingFood.Specs", "test\DingFood.Specs\DingFood.Specs.csproj", "{22F74E50-81B1-52F6-C2A9-3C4C24099DEF}"
EndProject
Project("{FAE04EC0-301F-11D3-BF4B-00C04F79EFBC}") = "DingFood.API", "src\DingFood.API\DingFood.API.csproj", "{C7B14321-6B1C-4D13-E295-1B8147CF2740}"
EndProject
Project("{FAE04EC0-301F-11D3-BF4B-00C04F79EFBC}") = "DingFood.Application", "src\DingFood.Application\DingFood.Application.csproj", "{4D70881B-577C-7E82-D9A5-0343FA01C325}"
EndProject
Project("{FAE04EC0-301F-11D3-BF4B-00C04F79EFBC}") = "DingFood.Domain", "src\DingFood.Domain\DingFood.Domain.csproj", "{FAB1386E-9C82-E7DB-B2D7-81242A02DB80}"
EndProject
Project("{FAE04EC0-301F-11D3-BF4B-00C04F79EFBC}") = "DingFood.Infrastructure", "src\DingFood.Infrastructure\DingFood.Infrastructure.csproj", "{42C087FB-5365-4178-1FB5-286E86772B79}"
EndProject
Project("{FAE04EC0-301F-11D3-BF4B-00C04F79EFBC}") = "DingFood.Tests", "test\DingFood.Tests\DingFood.Tests.csproj", "{C1AB926C-DA51-43C5-A9F7-B4CF88E837CF}"
EndProject
Global
	GlobalSection(SolutionConfigurationPlatforms) = preSolution
		Debug|Any CPU = Debug|Any CPU
		Debug|x64 = Debug|x64
		Debug|x86 = Debug|x86
		Release|Any CPU = Release|Any CPU
		Release|x64 = Release|x64
		Release|x86 = Release|x86
	EndGlobalSection
	GlobalSection(ProjectConfigurationPlatforms) = postSolution
		{937168DD-86A4-AA6B-167F-00D12CC6D2DC}.Debug|Any CPU.ActiveCfg = Debug|Any CPU
		{937168DD-86A4-AA6B-167F-00D12CC6D2DC}.Debug|Any CPU.Build.0 = Debug|Any CPU
		{937168DD-86A4-AA6B-167F-00D12CC6D2DC}.Debug|x64.ActiveCfg = Debug|Any CPU
		{937168DD-86A4-AA6B-167F-00D12CC6D2DC}.Debug|x64.Build.0 = Debug|Any CPU
		{937168DD-86A4-AA6B-167F-00D12CC6D2DC}.Debug|x86.ActiveCfg = Debug|Any CPU
		{937168DD-86A4-AA6B-167F-00D12CC6D2DC}.Debug|x86.Build.0 = Debug|Any CPU
		{937168DD-86A4-AA6B-167F-00D12CC6D2DC}.Release|Any CPU.ActiveCfg = Release|Any CPU
		{937168DD-86A4-AA6B-167F-00D12CC6D2DC}.Release|Any CPU.Build.0 = Release|Any CPU
		{937168DD-86A4-AA6B-167F-00D12CC6D2DC}.Release|x64.ActiveCfg = Release|Any CPU
		{937168DD-86A4-AA6B-167F-00D12CC6D2DC}.Release|x64.Build.0 = Release|Any CPU
		{937168DD-86A4-AA6B-167F-00D12CC6D2DC}.Release|x86.ActiveCfg = Release|Any CPU
		{937168DD-86A4-AA6B-167F-00D12CC6D2DC}.Release|x86.Build.0 = Release|Any CPU
		{C8F88BB6-3332-BF9D-F94B-356715762195}.Debug|Any CPU.ActiveCfg = Debug|Any CPU
		{C8F88BB6-3332-BF9D-F94B-356715762195}.Debug|Any CPU.Build.0 = Debug|Any CPU
		{C8F88BB6-3332-BF9D-F94B-356715762195}.Debug|x64.ActiveCfg = Debug|Any CPU
		{C8F88BB6-3332-BF9D-F94B-356715762195}.Debug|x64.Build.0 = Debug|Any CPU
		{C8F88BB6-3332-BF9D-F94B-356715762195}.Debug|x86.ActiveCfg = Debug|Any CPU
		{C8F88BB6-3332-BF9D-F94B-356715762195}.Debug|x86.Build.0 = Debug|Any CPU
		{C8F88BB6-3332-BF9D-F94B-356715762195}.Release|Any CPU.ActiveCfg = Release|Any CPU
		{C8F88BB6-3332-BF9D-F94B-356715762195}.Release|Any CPU.Build.0 = Release|Any CPU
		{C8F88BB6-3332-BF9D-F94B-356715762195}.Release|x64.ActiveCfg = Release|Any CPU
		{C8F88BB6-3332-BF9D-F94B-356715762195}.Release|x64.Build.0 = Release|Any CPU
		{C8F88BB6-3332-BF9D-F94B-356715762195}.Release|x86.ActiveCfg = Release|Any CPU
		{C8F88BB6-3332-BF9D-F94B-356715762195}.Release|x86.Build.0 = Release|Any CPU
		{22F74E50-81B1-52F6-C2A9-3C4C24099DEF}.Debug|Any CPU.ActiveCfg = Debug|Any CPU
		{22F74E50-81B1-52F6-C2A9-3C4C24099DEF}.Debug|Any CPU.Build.0 = Debug|Any CPU
		{22F74E50-81B1-52F6-C2A9-3C4C24099DEF}.Debug|x64.ActiveCfg = Debug|Any CPU
		{22F74E50-81B1-52F6-C2A9-3C4C24099DEF}.Debug|x64.Build.0 = Debug|Any CPU
		{22F74E50-81B1-52F6-C2A9-3C4C24099DEF}.Debug|x86.ActiveCfg = Debug|Any CPU
		{22F74E50-81B1-52F6-C2A9-3C4C24099DEF}.Debug|x86.Build.0 = Debug|Any CPU
		{22F74E50-81B1-52F6-C2A9-3C4C24099DEF}.Release|Any CPU.ActiveCfg = Release|Any CPU
		{22F74E50-81B1-52F6-C2A9-3C4C24099DEF}.Release|Any CPU.Build.0 = Release|Any CPU
		{22F74E50-81B1-52F6-C2A9-3C4C24099DEF}.Release|x64.ActiveCfg = Release|Any CPU
		{22F74E50-81B1-52F6-C2A9-3C4C24099DEF}.Release|x64.Build.0 = Release|Any CPU
		{22F74E50-81B1-52F6-C2A9-3C4C24099DEF}.Release|x86.ActiveCfg = Release|Any CPU
		{22F74E50-81B1-52F6-C2A9-3C4C24099DEF}.Release|x86.Build.0 = Release|Any CPU
		{C7B14321-6B1C-4D13-E295-1B8147CF2740}.Debug|Any CPU.ActiveCfg = Debug|Any CPU
		{C7B14321-6B1C-4D13-E295-1B8147CF2740}.Debug|Any CPU.Build.0 = Debug|Any CPU
		{C7B14321-6B1C-4D13-E295-1B8147CF2740}.Debug|x64.ActiveCfg = Debug|Any CPU
		{C7B14321-6B1C-4D13-E295-1B8147CF2740}.Debug|x64.Build.0 = Debug|Any CPU
		{C7B14321-6B1C-4D13-E295-1B8147CF2740}.Debug|x86.ActiveCfg = Debug|Any CPU
		{C7B14321-6B1C-4D13-E295-1B8147CF2740}.Debug|x86.Build.0 = Debug|Any CPU
		{C7B14321-6B1C-4D13-E295-1B8147CF2740}.Release|Any CPU.ActiveCfg = Release|Any CPU
		{C7B14321-6B1C-4D13-E295-1B8147CF2740}.Release|Any CPU.Build.0 = Release|Any CPU
		{C7B14321-6B1C-4D13-E295-1B8147CF2740}.Release|x64.ActiveCfg = Release|Any CPU
		{C7B14321-6B1C-4D13-E295-1B8147CF2740}.Release|x64.Build.0 = Release|Any CPU
		{C7B14321-6B1C-4D13-E295-1B8147CF2740}.Release|x86.ActiveCfg = Release|Any CPU
		{C7B14321-6B1C-4D13-E295-1B8147CF2740}.Release|x86.Build.0 = Release|Any CPU
		{4D70881B-577C-7E82-D9A5-0343FA01C325}.Debug|Any CPU.ActiveCfg = Debug|Any CPU
		{4D70881B-577C-7E82-D9A5-0343FA01C325}.Debug|Any CPU.Build.0 = Debug|Any CPU
		{4D70881B-577C-7E82-D9A5-0343FA01C325}.Debug|x64.ActiveCfg = Debug|Any CPU
		{4D70881B-577C-7E82-D9A5-0343FA01C325}.Debug|x64.Build.0 = Debug|Any CPU
		{4D70881B-577C-7E82-D9A5-0343FA01C325}.Debug|x86.ActiveCfg = Debug|Any CPU
		{4D70881B-577C-7E82-D9A5-0343FA01C325}.Debug|x86.Build.0 = Debug|Any CPU
		{4D70881B-577C-7E82-D9A5-0343FA01C325}.Release|Any CPU.ActiveCfg = Release|Any CPU
		{4D70881B-577C-7E82-D9A5-0343FA01C325}.Release|Any CPU.Build.0 = Release|Any CPU
		{4D70881B-577C-7E82-D9A5-0343FA01C325}.Release|x64.ActiveCfg = Release|Any CPU
		{4D70881B-577C-7E82-D9A5-0343FA01C325}.Release|x64.Build.0 = Release|Any CPU
		{4D70881B-577C-7E82-D9A5-0343FA01C325}.Release|x86.ActiveCfg = Release|Any CPU
		{4D70881B-577C-7E82-D9A5-0343FA01C325}.Release|x86.Build.0 = Release|Any CPU
		{FAB1386E-9C82-E7DB-B2D7-81242A02DB80}.Debug|Any CPU.ActiveCfg = Debug|Any CPU
		{FAB1386E-9C82-E7DB-B2D7-81242A02DB80}.Debug|Any CPU.Build.0 = Debug|Any CPU
		{FAB1386E-9C82-E7DB-B2D7-81242A02DB80}.Debug|x64.ActiveCfg = Debug|Any CPU
		{FAB1386E-9C82-E7DB-B2D7-81242A02DB80}.Debug|x64.Build.0 = Debug|Any CPU
		{FAB1386E-9C82-E7DB-B2D7-81242A02DB80}.Debug|x86.ActiveCfg = Debug|Any CPU
		{FAB1386E-9C82-E7DB-B2D7-81242A02DB80}.Debug|x86.Build.0 = Debug|Any CPU
		{FAB1386E-9C82-E7DB-B2D7-81242A02DB80}.Release|Any CPU.ActiveCfg = Release|Any CPU
		{FAB1386E-9C82-E7DB-B2D7-81242A02DB80}.Release|Any CPU.Build.0 = Release|Any CPU
		{FAB1386E-9C82-E7DB-B2D7-81242A02DB80}.Release|x64.ActiveCfg = Release|Any CPU
		{FAB1386E-9C82-E7DB-B2D7-81242A02DB80}.Release|x64.Build.0 = Release|Any CPU
		{FAB1386E-9C82-E7DB-B2D7-81242A02DB80}.Release|x86.ActiveCfg = Release|Any CPU
		{FAB1386E-9C82-E7DB-B2D7-81242A02DB80}.Release|x86.Build.0 = Release|Any CPU
		{42C087FB-5365-4178-1FB5-286E86772B79}.Debug|Any CPU.ActiveCfg = Debug|Any CPU
		{42C087FB-5365-4178-1FB5-286E86772B79}.Debug|Any CPU.Build.0 = Debug|Any CPU
		{42C087FB-5365-4178-1FB5-286E86772B79}.Debug|x64.ActiveCfg = Debug|Any CPU
		{42C087FB-5365-4178-1FB5-286E86772B79}.Debug|x64.Build.0 = Debug|Any CPU
		{42C087FB-5365-4178-1FB5-286E86772B79}.Debug|x86.ActiveCfg = Debug|Any CPU
		{42C087FB-5365-4178-1FB5-286E86772B79}.Debug|x86.Build.0 = Debug|Any CPU
		{42C087FB-5365-4178-1FB5-286E86772B79}.Release|Any CPU.ActiveCfg = Release|Any CPU
		{42C087FB-5365-4178-1FB5-286E86772B79}.Release|Any CPU.Build.0 = Release|Any CPU
		{42C087FB-5365-4178-1FB5-286E86772B79}.Release|x64.ActiveCfg = Release|Any CPU
		{42C087FB-5365-4178-1FB5-286E86772B79}.Release|x64.Build.0 = Release|Any CPU
		{42C087FB-5365-4178-1FB5-286E86772B79}.Release|x86.ActiveCfg = Release|Any CPU
		{42C087FB-5365-4178-1FB5-286E86772B79}.Release|x86.Build.0 = Release|Any CPU
		{C1AB926C-DA51-43C5-A9F7-B4CF88E837CF}.Debug|Any CPU.ActiveCfg = Debug|Any CPU
		{C1AB926C-DA51-43C5-A9F7-B4CF88E837CF}.Debug|Any CPU.Build.0 = Debug|Any CPU
		{C1AB926C-DA51-43C5-A9F7-B4CF88E837CF}.Debug|x64.ActiveCfg = Debug|Any CPU
		{C1AB926C-DA51-43C5-A9F7-B4CF88E837CF}.Debug|x64.Build.0 = Debug|Any CPU
		{C1AB926C-DA51-43C5-A9F7-B4CF88E837CF}.Debug|x86.ActiveCfg = Debug|Any CPU
		{C1AB926C-DA51-43C5-A9F7-B4CF88E837CF}.Debug|x86.Build.0 = Debug|Any CPU
		{C1AB926C-DA51-43C5-A9F7-B4CF88E837CF}.Release|Any CPU.ActiveCfg = Release|Any CPU
		{C1AB926C-DA51-43C5-A9F7-B4CF88E837CF}.Release|Any CPU.Build.0 = Release|Any CPU
		{C1AB926C-DA51-43C5-A9F7-B4CF88E837CF}.Release|x64.ActiveCfg = Release|Any CPU
		{C1AB926C-DA51-43C5-A9F7-B4CF88E837CF}.Release|x64.Build.0 = Release|Any CPU
		{C1AB926C-DA51-43C5-A9F7-B4CF88E837CF}.Release|x86.ActiveCfg = Release|Any CPU
		{C1AB926C-DA51-43C5-A9F7-B4CF88E837CF}.Release|x86.Build.0 = Release|Any CPU
	EndGlobalSection
	GlobalSection(SolutionProperties) = preSolution
		HideSolutionNode = FALSE
	EndGlobalSection
	GlobalSection(NestedProjects) = preSolution
		{937168DD-86A4-AA6B-167F-00D12CC6D2DC} = {86EE7067-01FE-4F3A-93BC-5AD9D2C1B675}
		{C8F88BB6-3332-BF9D-F94B-356715762195} = {86EE7067-01FE-4F3A-93BC-5AD9D2C1B675}
		{22F74E50-81B1-52F6-C2A9-3C4C24099DEF} = {86EE7067-01FE-4F3A-93BC-5AD9D2C1B675}
		{C7B14321-6B1C-4D13-E295-1B8147CF2740} = {02EA681E-C7D8-13C7-8484-4AC65E1B71E8}
		{4D70881B-577C-7E82-D9A5-0343FA01C325} = {02EA681E-C7D8-13C7-8484-4AC65E1B71E8}
		{FAB1386E-9C82-E7DB-B2D7-81242A02DB80} = {02EA681E-C7D8-13C7-8484-4AC65E1B71E8}
		{42C087FB-5365-4178-1FB5-286E86772B79} = {02EA681E-C7D8-13C7-8484-4AC65E1B71E8}
		{C1AB926C-DA51-43C5-A9F7-B4CF88E837CF} = {86EE7067-01FE-4F3A-93BC-5AD9D2C1B675}
	EndGlobalSection
	GlobalSection(ExtensibilityGlobals) = postSolution
		SolutionGuid = {6CD86B72-7FFB-454A-B4FF-CB37ED8ADD86}
	EndGlobalSection
EndGlobal
